# This file is generated by running "yarn install" inside your project.
# Manual changes might be lost - proceed with caution!

__metadata:
  version: 4
  cacheKey: 4

"@actions/core@npm:^1.2.4":
  version: 1.2.4
  resolution: "@actions/core@npm:1.2.4"
  checksum: 3b2a63bac21fab0a48c8ba817e18942ea6af5318951d818ff97377d474fc549df8acf893be2c0997cc05a80fd4a96223430bbb757e79969db99e44320397176f
  languageName: node
  linkType: hard

"@actions/github@npm:^3.0.0":
  version: 3.0.0
  resolution: "@actions/github@npm:3.0.0"
  dependencies:
    "@actions/http-client": ^1.0.3
    "@octokit/core": ^2.5.1
    "@octokit/plugin-paginate-rest": ^2.2.0
    "@octokit/plugin-rest-endpoint-methods": ^3.10.0
  checksum: ec3296e17311bb491cc692ec05bce9897d4c593b771ec8cfce23aaa95e5115dbc204b0d68961f6c80b9c3bb32aa2763bdb10317563e076fa06634f0451366b20
  languageName: node
  linkType: hard

"@actions/http-client@npm:^1.0.3":
  version: 1.0.8
  resolution: "@actions/http-client@npm:1.0.8"
  dependencies:
    tunnel: 0.0.6
  checksum: e5b59315b93f2b1e3f45353a6fbf5869a9cef7e5b5cc79372084607069087e09af69a85745adefeca996c38470f04e2a781bed4ce42725798df0cdfd60565a58
  languageName: node
  linkType: hard

"@octokit/auth-token@npm:^2.4.0":
  version: 2.4.2
  resolution: "@octokit/auth-token@npm:2.4.2"
  dependencies:
    "@octokit/types": ^5.0.0
  checksum: e3347630bbe4d22409879ac6aa166675410cef4fb0ac3ca734d2ab6fa49abf100b28d2de9b5ad347790686fd8d41897a21bbeb2d01f46d6f9ab0faf760f10b83
  languageName: node
  linkType: hard

"@octokit/core@npm:^2.5.1":
  version: 2.5.4
  resolution: "@octokit/core@npm:2.5.4"
  dependencies:
    "@octokit/auth-token": ^2.4.0
    "@octokit/graphql": ^4.3.1
    "@octokit/request": ^5.4.0
    "@octokit/types": ^5.0.0
    before-after-hook: ^2.1.0
    universal-user-agent: ^5.0.0
  checksum: eff84dd37f5e93f84158ccefaee4253cb844a96912978fe945c2014efa363ceb1fb796635592ed8fed69eb807651cd59d83f1c022d9595b5f0efd69fbbc20ade
  languageName: node
  linkType: hard

"@octokit/endpoint@npm:^6.0.1":
  version: 6.0.3
  resolution: "@octokit/endpoint@npm:6.0.3"
  dependencies:
    "@octokit/types": ^5.0.0
    is-plain-object: ^3.0.0
    universal-user-agent: ^5.0.0
  checksum: abfa39e37667556125704446ad7f9007bc2beac114999d4faba27bc4c398e504cff8af4bddd0a6ec4758b9f4f95f4a861fd89a5d5b7063196276d9aa98fceeb9
  languageName: node
  linkType: hard

"@octokit/graphql@npm:^4.3.1":
  version: 4.5.1
  resolution: "@octokit/graphql@npm:4.5.1"
  dependencies:
    "@octokit/request": ^5.3.0
    "@octokit/types": ^5.0.0
    universal-user-agent: ^5.0.0
  checksum: 11a941c32aca069fcf54c538bc1feabae0844a8d391ed723aae9c60c04e490aac41f0e8ef1d5b93b4679f43c974647063afdb0a4f9c5b31719d4d20e4b0a6dc8
  languageName: node
  linkType: hard

"@octokit/plugin-paginate-rest@npm:^2.2.0":
  version: 2.2.3
  resolution: "@octokit/plugin-paginate-rest@npm:2.2.3"
  dependencies:
    "@octokit/types": ^5.0.0
  checksum: 31f1418c0368a1ab278cd278b190e117493f281dded3a5b48632acfc25701159a664278eb83a732978c6f2b8b72213c7df593cc96e011c96114ed44f582963da
  languageName: node
  linkType: hard

"@octokit/plugin-rest-endpoint-methods@npm:^3.10.0":
  version: 3.17.0
  resolution: "@octokit/plugin-rest-endpoint-methods@npm:3.17.0"
  dependencies:
    "@octokit/types": ^4.1.6
    deprecation: ^2.3.1
  checksum: 5fed6b4c4c9e60b98513b4ed9108f5996c46c29ed444377912c29821219547ef3c908f40c73521b70aabbefc6278634c1609a4ebafabcc95890448898252fe4e
  languageName: node
  linkType: hard

"@octokit/request-error@npm:^2.0.0":
  version: 2.0.2
  resolution: "@octokit/request-error@npm:2.0.2"
  dependencies:
    "@octokit/types": ^5.0.1
    deprecation: ^2.0.0
    once: ^1.4.0
  checksum: 3ba45b317978025ae5e1afcdd288276e00c199088df7f6b21d0d954ff6f14419057aa5fdd0fd38a8cc2b1335ce41f1937ada3a67cd262af0d9cabcde265f2969
  languageName: node
  linkType: hard

"@octokit/request@npm:^5.3.0, @octokit/request@npm:^5.4.0":
  version: 5.4.5
  resolution: "@octokit/request@npm:5.4.5"
  dependencies:
    "@octokit/endpoint": ^6.0.1
    "@octokit/request-error": ^2.0.0
    "@octokit/types": ^5.0.0
    deprecation: ^2.0.0
    is-plain-object: ^3.0.0
    node-fetch: ^2.3.0
    once: ^1.4.0
    universal-user-agent: ^5.0.0
  checksum: b359c72b4a2a4ed08b6c1ab809ce4d0e946425cc7f787fb83eec6e7616389d710802d0e6c7665a62b6d025e0fd4544a709c6dbc69cf0ec919ea6ba3a13cb0d91
  languageName: node
  linkType: hard

"@octokit/types@npm:^4.1.6":
  version: 4.1.10
  resolution: "@octokit/types@npm:4.1.10"
  dependencies:
    "@types/node": ">= 8"
  checksum: a7f9f3ed1387abd6ead95b27b1229d0e6881656797317d61ea2797f0fd851a7598a2a743426e1e6eb5f3dc9c94fe9e15e19c8ee04193d0a9b9c7967e8fcbbf79
  languageName: node
  linkType: hard

"@octokit/types@npm:^5.0.0, @octokit/types@npm:^5.0.1":
  version: 5.0.1
  resolution: "@octokit/types@npm:5.0.1"
  dependencies:
    "@types/node": ">= 8"
  checksum: 201960072c7a0eabbfd1ce582b706213720903555e996263e69d0790f4694c1df2a0416e47c41738b91e125382a503129b6525d598949c1aa6ecb7abb7958f53
  languageName: node
  linkType: hard

"@types/node@npm:>= 8":
  version: 14.0.13
  resolution: "@types/node@npm:14.0.13"
  checksum: 2f2be6f7f1a916b0f4d58949bd934a8e41c0dcb15c493c17c3eaf78da3065c09650030f0dfe2e8c11880d597ee001d7cd925129218037fdb4432e80f7d895673
  languageName: node
  linkType: hard

"before-after-hook@npm:^2.1.0":
  version: 2.1.0
  resolution: "before-after-hook@npm:2.1.0"
  checksum: 4df7ef0992ef7c5d8689a50bba12349789ab6da12203cd92c78dd5eb22e725694fd3602cff15ab85285a744c5d6106f3fbdc203f0cb6262cd3bebe42a763c3fd
  languageName: node
  linkType: hard

"cross-spawn@npm:^6.0.0":
  version: 6.0.5
  resolution: "cross-spawn@npm:6.0.5"
  dependencies:
    nice-try: ^1.0.4
    path-key: ^2.0.1
    semver: ^5.5.0
    shebang-command: ^1.2.0
    which: ^1.2.9
  checksum: 05fbbf957d9b81dc05fd799a238f6aacc2e7cc9783fff3f0e00439a97d6f269c90482571cbf1eeea17200fd119161a2d1f88aa49a8110b176e04f2a70825284f
  languageName: node
  linkType: hard

"deprecation@npm:^2.0.0, deprecation@npm:^2.3.1":
  version: 2.3.1
  resolution: "deprecation@npm:2.3.1"
  checksum: 59343a0b927c5b6f67abb899fda68bf42b132c05ef1a985952c1e220c41fe5035b2d54a28c7c2a8b5239075d1dc25c83340242ada75f1c06c1bb047176f05f9b
  languageName: node
  linkType: hard

"end-of-stream@npm:^1.1.0":
  version: 1.4.4
  resolution: "end-of-stream@npm:1.4.4"
  dependencies:
    once: ^1.4.0
  checksum: 7da60e458bdb5e16c006a45e85ef3bc1e3791db5ba275b0913258ccddc8899acb9252c4ddbcce87bd1b46e2a3f97315aafb9f0c0330e8aac44defb504a9d3ccd
  languageName: node
  linkType: hard

"execa@npm:^1.0.0":
  version: 1.0.0
  resolution: "execa@npm:1.0.0"
  dependencies:
    cross-spawn: ^6.0.0
    get-stream: ^4.0.0
    is-stream: ^1.1.0
    npm-run-path: ^2.0.0
    p-finally: ^1.0.0
    signal-exit: ^3.0.0
    strip-eof: ^1.0.0
  checksum: 39714ea24e349403f9fc92b450f0e6823cdd4573e15b17c0fba6d95f2eecd46dc32624bbf15071d91e2c64a4402c74ce7a362671126964100ad34e2d6210adf9
  languageName: node
  linkType: hard

"get-stream@npm:^4.0.0":
  version: 4.1.0
  resolution: "get-stream@npm:4.1.0"
  dependencies:
    pump: ^3.0.0
  checksum: f41bb3c74de09d1dbe1e9d0b6d12520875d99b7ecd32c71ee21eea26d32ca74110e2406922ca64ed8cd6f10076c5f59e4fd128f10cc292eae3b669379e5f18ed
  languageName: node
  linkType: hard

"hello-world-javascript-action@workspace:.":
  version: 0.0.0-use.local
  resolution: "hello-world-javascript-action@workspace:."
  dependencies:
    "@actions/core": ^1.2.4
    "@actions/github": ^3.0.0
  languageName: unknown
  linkType: soft

"is-plain-object@npm:^3.0.0":
  version: 3.0.0
  resolution: "is-plain-object@npm:3.0.0"
  dependencies:
    isobject: ^4.0.0
  checksum: 907951d69b31ab643b52ccc966ca68a6b9bb4396c4eece89d9670c71bc7a1fa54f27679b1952ef5b73da3460f777477fc48a3da6a8aaca2c3361c39694d6c511
  languageName: node
  linkType: hard

"is-stream@npm:^1.1.0":
  version: 1.1.0
  resolution: "is-stream@npm:1.1.0"
  checksum: 39843ee9ff68ebda05237199f18831eb6e0e28db7799ee9ddaac5573b0681f18b4dc427afdb7b7ad906db545e4648999c42a1810b277acc8451593ff59da00fa
  languageName: node
  linkType: hard

"isexe@npm:^2.0.0":
  version: 2.0.0
  resolution: "isexe@npm:2.0.0"
  checksum: 7b437980bb77881a146fba85cfbdf01edc2b148673e9c2722a1e49661fea73adf524430a80fdbfb8ce9f60d43224e682c657c45030482bd39e0c488fc29b4afe
  languageName: node
  linkType: hard

"isobject@npm:^4.0.0":
  version: 4.0.0
  resolution: "isobject@npm:4.0.0"
  checksum: bfc8e8f6e2bebf7d85e4bec91497e24f87e6b33576d03e223ff6ce1679f5a7dc6f357fdb3e1c6c6d85fc6f0feac26acca9e9e7b0ab473ea60fa3f838c203ee01
  languageName: node
  linkType: hard

"macos-release@npm:^2.2.0":
  version: 2.3.0
  resolution: "macos-release@npm:2.3.0"
  checksum: c7752fb29ba71f74aea6a06dfaf583d392f7c8403fa17441e917bf8d773ac77c50706eb2ab25cdfaa024f3a27fcb836a8e9ac27aaaab229fe75d1cdb48ede6e4
  languageName: node
  linkType: hard

"nice-try@npm:^1.0.4":
  version: 1.0.5
  resolution: "nice-try@npm:1.0.5"
  checksum: 330f190bf68146a560008b661e1ddbb2eac667c16990b6bf791516d89cceb707ec67901ad647d2b32674bfa816b916489cead5c2fb6e96864c659573ab5aa3bb
  languageName: node
  linkType: hard

"node-fetch@npm:^2.3.0":
  version: 2.6.0
  resolution: "node-fetch@npm:2.6.0"
  checksum: dd9f586a9f7ddb7dd94d2aba9cb693d32f5001e9850098512fbc8a4cbdd56838afa08ed0a6725b9fce9b01ec12b713e622cbfc16d92762d8b937b238330a632a
  languageName: node
  linkType: hard

"npm-run-path@npm:^2.0.0":
  version: 2.0.2
  resolution: "npm-run-path@npm:2.0.2"
  dependencies:
    path-key: ^2.0.0
  checksum: 0a1bc9a1e0faa7e54a011929b830121d5da393f50cbe37c83f3ffd67781b6d176739ba6e8eab5d56faa05738a60f7eb50389673767db0dc887073932f80b9b60
  languageName: node
  linkType: hard

"once@npm:^1.3.1, once@npm:^1.4.0":
  version: 1.4.0
  resolution: "once@npm:1.4.0"
  dependencies:
    wrappy: 1
  checksum: 57afc246536cf6494437f982b26475f22bee860f8b77ce8eb1543f42a8bffe04b2c66ddfea9a16cb25ccb80943f8ee4fc639367ef97b7a6a4f2672eb573963f5
  languageName: node
  linkType: hard

"os-name@npm:^3.1.0":
  version: 3.1.0
  resolution: "os-name@npm:3.1.0"
  dependencies:
    macos-release: ^2.2.0
    windows-release: ^3.1.0
  checksum: b4e5d610102d443988c4b7d3489c6d31c1ca363ef99af54d75f013164788867ac2458a91bbbc8b3acf1188191a9ae4273e8d7dc352c3eaca536cde6a5f444ad8
  languageName: node
  linkType: hard

"p-finally@npm:^1.0.0":
  version: 1.0.0
  resolution: "p-finally@npm:1.0.0"
  checksum: 01f49b2d9c67573b3a1cb253cd9e1ecf5c912b6ba5de8824118bbc8d647bfa6296820b5a536e91ec68a54395d4e1c58de9a381ded3b688074fb446a8fe351931
  languageName: node
  linkType: hard

"path-key@npm:^2.0.0, path-key@npm:^2.0.1":
  version: 2.0.1
  resolution: "path-key@npm:2.0.1"
  checksum: 7dc807a2baa11d6bc0fca72148a0a0ca69ab73d98fbe42e10d22764d1ef547767f2b4ff827c6bc66e733388cd8d54297a45a39499825b9fdfd18959202384029
  languageName: node
  linkType: hard

"pump@npm:^3.0.0":
  version: 3.0.0
  resolution: "pump@npm:3.0.0"
  dependencies:
    end-of-stream: ^1.1.0
    once: ^1.3.1
  checksum: 5464d5cf6c6f083cc60cb45b074fb9a4a92ba4d3e0d89e9b2fa1906d8151fd3766784a426725ccf1af50d1c29963ac20b13829933549830e08a6704e3f95e08c
  languageName: node
  linkType: hard

"semver@npm:^5.5.0":
  version: 5.7.1
  resolution: "semver@npm:5.7.1"
  bin:
    semver: ./bin/semver
  checksum: 06ff0ed753ebf741b7602be8faad620d6e160a2cb3f61019d00d919c8bca141638aa23c34da779b8595afdc9faa3678bfbb5f60366b6a4f65f98cf86605bbcdb
  languageName: node
  linkType: hard

"shebang-command@npm:^1.2.0":
  version: 1.2.0
  resolution: "shebang-command@npm:1.2.0"
  dependencies:
    shebang-regex: ^1.0.0
  checksum: 2a1e0092a6b80b14ec742ef4e982be8aa670edc7de3e8c68b26744fb535051f7d92518106387b52e9aabe0c1ceae33d23a7dfdb94c3d7f5035c3868b723a2854
  languageName: node
  linkType: hard

"shebang-regex@npm:^1.0.0":
  version: 1.0.0
  resolution: "shebang-regex@npm:1.0.0"
  checksum: cf1a41cb09023e7d39739d7145fcba57c3fabc6728b78ce706f7315cf52dfadf30f7eea664e069224fbcbbfb6ab853bc55ac45f494b47ee73fc209c98487fae5
  languageName: node
  linkType: hard

"signal-exit@npm:^3.0.0":
  version: 3.0.3
  resolution: "signal-exit@npm:3.0.3"
  checksum: f8f3fec95c8d1f9ad7e3cce07e1195f84e7a85cdcb4e825e8a2b76aa5406a039083d2bc9662b3cf40e6948262f41277047d20e6fbd58c77edced0b18fab647d8
  languageName: node
  linkType: hard

"strip-eof@npm:^1.0.0":
  version: 1.0.0
  resolution: "strip-eof@npm:1.0.0"
  checksum: 905cd8718ad2e7b3a9c4bc6a9ed409c38b8cef638845a9471884547de0dbe611828d584e749a38d3eebc2d3c830ea9c619d78875a639b7413d93080661807376
  languageName: node
  linkType: hard

"tunnel@npm:0.0.6":
  version: 0.0.6
  resolution: "tunnel@npm:0.0.6"
  checksum: 78fbb1a55a44fc8de6a497923bf7bf6e7b14b396e0ddaf11fe624ab7f646a0d2ada03f6dcb4a80940faed9649e30d229114f218e8906badd12ded2323a6f666b
  languageName: node
  linkType: hard

"universal-user-agent@npm:^5.0.0":
  version: 5.0.0
  resolution: "universal-user-agent@npm:5.0.0"
  dependencies:
    os-name: ^3.1.0
  checksum: 9b664885e88cfccc765837f918869157ca30a141a5499f4397245c5b2541e3ba2323cca2337eb70ad0898ea747bca41d435df3af2fc71bc8e4f8430c142af7bd
  languageName: node
  linkType: hard

"which@npm:^1.2.9":
  version: 1.3.1
  resolution: "which@npm:1.3.1"
  dependencies:
    isexe: ^2.0.0
  bin:
    which: ./bin/which
  checksum: 298d95f9c185c4da22c1bfb1fdfa37c2ba56df8a6b98706ab361bf31a7d3a4845afaecfc48d4de7a259048842b5f2977f51b56f5c06c1f6a83dcf5a9e3de634a
  languageName: node
  linkType: hard

"windows-release@npm:^3.1.0":
  version: 3.3.1
  resolution: "windows-release@npm:3.3.1"
  dependencies:
    execa: ^1.0.0
  checksum: 209dd36f044399c4d1c52b8352ba924d2d79da51959a1e5aa34a22b67e869a513df430f618cb897002c4be014e180f57a5c3d160208605352053f54887bffb2d
  languageName: node
  linkType: hard

"wrappy@npm:1":
  version: 1.0.2
  resolution: "wrappy@npm:1.0.2"
  checksum: 519fcda0fcdf0c16327be2de9d98646742307bc830277e8868529fcf7566f2b330a6453c233e0cdcb767d5838dd61a90984a02ecc983bcddebea5ad0833bbf98
  languageName: node
  linkType: hard
